{
  "originHash" : "1ca3e095da091c32e42e05f6b7a6bf8aa04a9bbc9b14460239423523ab7c68ee",
  "pins" : [
    {
      "identity" : "plot",
      "kind" : "remoteSourceControl",
      "location" : "https://github.com/brightdigit/Plot.git",
      "state" : {
        "branch" : "main",
        "revision" : "793bca83340d09694f5207660a9e319079185131"
      }
    }
  ],
  "version" : 3
}
